Microsoft Visual Studio Solution File, Format Version 12.00
# Visual Studio 15
VisualStudioVersion = 15.0.27130.2026
MinimumVisualStudioVersion = 10.0.40219.1
Project("{FAE04EC0-301F-11D3-BF4B-00C04F79EFBC}") = "Calcvox", "Calcvox\Calcvox.csproj", "{83F352D2-F74B-4146-8227-6656270C65A6}"
EndProject
Project("{FAE04EC0-301F-11D3-BF4B-00C04F79EFBC}") = "Calcvox.Gtk", "Calcvox.Gtk\Calcvox.Gtk.csproj", "{AE9E7A49-430F-4E7F-9CFD-2F5E905CD1D8}"
EndProject
Project("{FAE04EC0-301F-11D3-BF4B-00C04F79EFBC}") = "Calcvox.WinForms", "Calcvox.WinForms\Calcvox.WinForms.csproj", "{7DFF811B-1268-4E1E-98A4-A308CEC5E2FA}"
EndProject
Project("{FAE04EC0-301F-11D3-BF4B-00C04F79EFBC}") = "Calcvox.Mac", "Calcvox.Mac\Calcvox.Mac.csproj", "{59FAFF9C-E57F-43DA-A52E-25B1C8842042}"
EndProject
Global
	GlobalSection(SolutionConfigurationPlatforms) = preSolution
		Debug|Any CPU = Debug|Any CPU
		Release|Any CPU = Release|Any CPU
	EndGlobalSection
	GlobalSection(ProjectConfigurationPlatforms) = postSolution
		{83F352D2-F74B-4146-8227-6656270C65A6}.Debug|Any CPU.ActiveCfg = Debug|Any CPU
		{83F352D2-F74B-4146-8227-6656270C65A6}.Debug|Any CPU.Build.0 = Debug|Any CPU
		{83F352D2-F74B-4146-8227-6656270C65A6}.Release|Any CPU.ActiveCfg = Release|Any CPU
		{83F352D2-F74B-4146-8227-6656270C65A6}.Release|Any CPU.Build.0 = Release|Any CPU
		{AE9E7A49-430F-4E7F-9CFD-2F5E905CD1D8}.Debug|Any CPU.ActiveCfg = Debug|Any CPU
		{AE9E7A49-430F-4E7F-9CFD-2F5E905CD1D8}.Debug|Any CPU.Build.0 = Debug|Any CPU
		{AE9E7A49-430F-4E7F-9CFD-2F5E905CD1D8}.Release|Any CPU.ActiveCfg = Release|Any CPU
		{AE9E7A49-430F-4E7F-9CFD-2F5E905CD1D8}.Release|Any CPU.Build.0 = Release|Any CPU
		{7DFF811B-1268-4E1E-98A4-A308CEC5E2FA}.Debug|Any CPU.ActiveCfg = Debug|Any CPU
		{7DFF811B-1268-4E1E-98A4-A308CEC5E2FA}.Debug|Any CPU.Build.0 = Debug|Any CPU
		{7DFF811B-1268-4E1E-98A4-A308CEC5E2FA}.Release|Any CPU.ActiveCfg = Release|Any CPU
		{7DFF811B-1268-4E1E-98A4-A308CEC5E2FA}.Release|Any CPU.Build.0 = Release|Any CPU
		{59FAFF9C-E57F-43DA-A52E-25B1C8842042}.Debug|Any CPU.ActiveCfg = Debug|Any CPU
		{59FAFF9C-E57F-43DA-A52E-25B1C8842042}.Debug|Any CPU.Build.0 = Debug|Any CPU
		{59FAFF9C-E57F-43DA-A52E-25B1C8842042}.Release|Any CPU.ActiveCfg = Release|Any CPU
		{59FAFF9C-E57F-43DA-A52E-25B1C8842042}.Release|Any CPU.Build.0 = Release|Any CPU
	EndGlobalSection
EndGlobal
